{
  "nodes": {
    "nixpkgs": {
      "locked": {
        "lastModified": 0,
        "narHash": "sha256-uCFiP/B/NXOWzhN6TKfMbSxtVMk1bVnCrnJRjCF6RmU=",
        "path": "/nix/store/8dvbcv90f940fg9biwz42xbh5d3xpjav-source",
        "type": "path"
      },
      "original": {
        "id": "nixpkgs",
        "type": "indirect"
      }
    },
    "root": {
      "inputs": {
        "nixpkgs": "nixpkgs"
      }
    }
  },
  "root": "root",
  "version": 7
}
