{
  "nodes": {
    "nixpkgs": {
      "locked": {
        "lastModified": 1621073999,
        "narHash": "sha256-Cp99YreSFedcWovxNmO8g8qFYltQQJPRLfuot6Z7iGE=",
        "path": "/nix/store/2y8xq739cy0klq7mh92fxziahda70ryd-source",
        "rev": "83d907fd760d9ee4f49b4b7e4b1c6682f137b573",
        "type": "path"
      },
      "original": {
        "id": "nixpkgs",
        "type": "indirect"
      }
    },
    "root": {
      "inputs": {
        "nixpkgs": "nixpkgs"
      }
    }
  },
  "root": "root",
  "version": 7
}
